
Microsoft Visual Studio Solution File, Format Version 12.00
# Visual Studio Version 17
VisualStudioVersion = 17.0.31521.260
MinimumVisualStudioVersion = 10.0.40219.1
Project("{9A19103F-16F7-4668-BE54-9A1E7A4F7556}") = "KanjiStudy.Web", "KanjiStudy.Web\KanjiStudy.Web.csproj", "{673F188F-748B-4007-A4D1-DD1503B2D9CB}"
EndProject
Project("{9A19103F-16F7-4668-BE54-9A1E7A4F7556}") = "KanjiStudy.Core", "KanjiStudy.Core\KanjiStudy.Core.csproj", "{A6437C3B-8B97-4C21-B2FB-BC47F80DEFAC}"
EndProject
Global
	GlobalSection(SolutionConfigurationPlatforms) = preSolution
		Debug|Any CPU = Debug|Any CPU
		Release|Any CPU = Release|Any CPU
	EndGlobalSection
	GlobalSection(ProjectConfigurationPlatforms) = postSolution
		{673F188F-748B-4007-A4D1-DD1503B2D9CB}.Debug|Any CPU.ActiveCfg = Debug|Any CPU
		{673F188F-748B-4007-A4D1-DD1503B2D9CB}.Debug|Any CPU.Build.0 = Debug|Any CPU
		{673F188F-748B-4007-A4D1-DD1503B2D9CB}.Release|Any CPU.ActiveCfg = Release|Any CPU
		{673F188F-748B-4007-A4D1-DD1503B2D9CB}.Release|Any CPU.Build.0 = Release|Any CPU
		{A6437C3B-8B97-4C21-B2FB-BC47F80DEFAC}.Debug|Any CPU.ActiveCfg = Debug|Any CPU
		{A6437C3B-8B97-4C21-B2FB-BC47F80DEFAC}.Debug|Any CPU.Build.0 = Debug|Any CPU
		{A6437C3B-8B97-4C21-B2FB-BC47F80DEFAC}.Release|Any CPU.ActiveCfg = Release|Any CPU
		{A6437C3B-8B97-4C21-B2FB-BC47F80DEFAC}.Release|Any CPU.Build.0 = Release|Any CPU
	EndGlobalSection
	GlobalSection(SolutionProperties) = preSolution
		HideSolutionNode = FALSE
	EndGlobalSection
	GlobalSection(ExtensibilityGlobals) = postSolution
		SolutionGuid = {E3397E22-813E-49CF-BA44-AF9EAD4D2494}
	EndGlobalSection
EndGlobal
